
Microsoft Visual Studio Solution File, Format Version 12.00
# Visual Studio Version 17
VisualStudioVersion = 17.8.34330.188
MinimumVisualStudioVersion = 10.0.40219.1
Project("{FAE04EC0-301F-11D3-BF4B-00C04F79EFBC}") = "ConsoleApp10", "ConsoleApp10\ConsoleApp10.csproj", "{8FBE6482-7136-4FE6-B2A3-EBCF8BCD2D84}"
EndProject
Project("{FAE04EC0-301F-11D3-BF4B-00C04F79EFBC}") = "TestProject1", "TestProject1\TestProject1.csproj", "{9BD02DFF-7E81-4E32-BE22-ED2FDB511AD8}"
EndProject
Global
	GlobalSection(SolutionConfigurationPlatforms) = preSolution
		Debug|Any CPU = Debug|Any CPU
		Release|Any CPU = Release|Any CPU
	EndGlobalSection
	GlobalSection(ProjectConfigurationPlatforms) = postSolution
		{8FBE6482-7136-4FE6-B2A3-EBCF8BCD2D84}.Debug|Any CPU.ActiveCfg = Debug|Any CPU
		{8FBE6482-7136-4FE6-B2A3-EBCF8BCD2D84}.Debug|Any CPU.Build.0 = Debug|Any CPU
		{8FBE6482-7136-4FE6-B2A3-EBCF8BCD2D84}.Release|Any CPU.ActiveCfg = Release|Any CPU
		{8FBE6482-7136-4FE6-B2A3-EBCF8BCD2D84}.Release|Any CPU.Build.0 = Release|Any CPU
		{9BD02DFF-7E81-4E32-BE22-ED2FDB511AD8}.Debug|Any CPU.ActiveCfg = Debug|Any CPU
		{9BD02DFF-7E81-4E32-BE22-ED2FDB511AD8}.Debug|Any CPU.Build.0 = Debug|Any CPU
		{9BD02DFF-7E81-4E32-BE22-ED2FDB511AD8}.Release|Any CPU.ActiveCfg = Release|Any CPU
		{9BD02DFF-7E81-4E32-BE22-ED2FDB511AD8}.Release|Any CPU.Build.0 = Release|Any CPU
	EndGlobalSection
	GlobalSection(SolutionProperties) = preSolution
		HideSolutionNode = FALSE
	EndGlobalSection
	GlobalSection(ExtensibilityGlobals) = postSolution
		SolutionGuid = {BCE9D12D-ACE7-483E-8F72-14A238F370F4}
	EndGlobalSection
EndGlobal
